
Microsoft Visual Studio Solution File, Format Version 12.00
# Visual Studio Version 16
VisualStudioVersion = 16.0.30608.117
MinimumVisualStudioVersion = 10.0.40219.1
Project("{FAE04EC0-301F-11D3-BF4B-00C04F79EFBC}") = "ActionsOnDependenciesPlayground", "ActionsOnDependenciesPlayground\ActionsOnDependenciesPlayground.csproj", "{2C371BCD-4224-4610-A20F-1695CEEFC890}"
EndProject
Project("{FAE04EC0-301F-11D3-BF4B-00C04F79EFBC}") = "A.Framework", "A\A.Framework.csproj", "{B1FBB328-0062-4352-9F52-9A1EF7E72950}"
EndProject
Project("{FAE04EC0-301F-11D3-BF4B-00C04F79EFBC}") = "B.Framework", "B.Framework\B.Framework.csproj", "{3CDC3289-C704-468B-9407-CDE29486383C}"
EndProject
Project("{9A19103F-16F7-4668-BE54-9A1E7A4F7556}") = "A.Core", "A.Core\A.Core.csproj", "{575451AE-B732-455A-801F-467A02F73CB6}"
EndProject
Project("{9A19103F-16F7-4668-BE54-9A1E7A4F7556}") = "B.Core", "B.Core\B.Core.csproj", "{906DAEBE-ECD8-44D2-A90F-001243359F37}"
EndProject
Project("{9A19103F-16F7-4668-BE54-9A1E7A4F7556}") = "C.Core", "C.Core\C.Core.csproj", "{49038AA4-DA4A-4935-A8A0-AD2E85496281}"
EndProject
Project("{9A19103F-16F7-4668-BE54-9A1E7A4F7556}") = "D.Core", "D.Core\D.Core.csproj", "{42640F6B-3896-4E73-B94A-6EFD4868F2F2}"
EndProject
Project("{2150E333-8FDC-42A3-9474-1A3956D46DE8}") = "Core", "Core", "{91D28009-7BC2-44A4-8D32-B892E1E3E5EB}"
EndProject
Project("{2150E333-8FDC-42A3-9474-1A3956D46DE8}") = "Framework", "Framework", "{C0B4BC24-9B96-43F1-9B73-8B4E99843542}"
EndProject
Project("{2150E333-8FDC-42A3-9474-1A3956D46DE8}") = "Net5", "Net5", "{470848AB-7929-4273-8B80-225D3B085667}"
EndProject
Project("{FAE04EC0-301F-11D3-BF4B-00C04F79EFBC}") = "C.Framework", "C.Framework\C.Framework.csproj", "{6A698879-72B0-410D-BF15-B950A8ECC04C}"
EndProject
Project("{FAE04EC0-301F-11D3-BF4B-00C04F79EFBC}") = "D.Framework", "D.Framework\D.Framework.csproj", "{EA87D398-D509-4DA5-ADFA-1D23210714EF}"
EndProject
Project("{9A19103F-16F7-4668-BE54-9A1E7A4F7556}") = "A.Net", "A.Net\A.Net.csproj", "{D493ABDB-A7F0-4B2F-917C-0306547C9E45}"
EndProject
Project("{9A19103F-16F7-4668-BE54-9A1E7A4F7556}") = "B.Net", "B.Net\B.Net.csproj", "{12C32844-51DA-45DF-9B3A-23165BD2C4BB}"
EndProject
Project("{9A19103F-16F7-4668-BE54-9A1E7A4F7556}") = "C.Net", "C.Net\C.Net.csproj", "{0EF208BC-86EB-4D12-A188-922614C46E8B}"
EndProject
Project("{9A19103F-16F7-4668-BE54-9A1E7A4F7556}") = "D.Net", "D.Net\D.Net.csproj", "{C731C21C-B73D-461B-942C-ED2FCE0153B1}"
EndProject
Project("{2150E333-8FDC-42A3-9474-1A3956D46DE8}") = "Netstandrad", "Netstandrad", "{2D829DAE-804D-4C6C-8B3D-23339322433E}"
EndProject
Project("{FAE04EC0-301F-11D3-BF4B-00C04F79EFBC}") = "A.Standard", "A.Standard\A.Standard.csproj", "{1973A90E-3AA9-475D-AA9C-C1B441A4DC38}"
EndProject
Project("{FAE04EC0-301F-11D3-BF4B-00C04F79EFBC}") = "B.Standard", "B.Standard\B.Standard.csproj", "{0A8BA712-2DA0-4003-A7F5-3C914DEF7D4B}"
EndProject
Project("{FAE04EC0-301F-11D3-BF4B-00C04F79EFBC}") = "C.Standard", "C.Standard\C.Standard.csproj", "{BD2F565E-DF6D-4ADE-AF4C-9B1F3EF91738}"
EndProject
Project("{FAE04EC0-301F-11D3-BF4B-00C04F79EFBC}") = "D.Standard", "D.Standard\D.Standard.csproj", "{7F1A40AC-82F4-446C-A9AF-693D27BEBE11}"
EndProject
Global
	GlobalSection(SolutionConfigurationPlatforms) = preSolution
		Debug|Any CPU = Debug|Any CPU
		Release|Any CPU = Release|Any CPU
	EndGlobalSection
	GlobalSection(ProjectConfigurationPlatforms) = postSolution
		{2C371BCD-4224-4610-A20F-1695CEEFC890}.Debug|Any CPU.ActiveCfg = Debug|Any CPU
		{2C371BCD-4224-4610-A20F-1695CEEFC890}.Debug|Any CPU.Build.0 = Debug|Any CPU
		{2C371BCD-4224-4610-A20F-1695CEEFC890}.Release|Any CPU.ActiveCfg = Release|Any CPU
		{2C371BCD-4224-4610-A20F-1695CEEFC890}.Release|Any CPU.Build.0 = Release|Any CPU
		{B1FBB328-0062-4352-9F52-9A1EF7E72950}.Debug|Any CPU.ActiveCfg = Debug|Any CPU
		{B1FBB328-0062-4352-9F52-9A1EF7E72950}.Debug|Any CPU.Build.0 = Debug|Any CPU
		{B1FBB328-0062-4352-9F52-9A1EF7E72950}.Release|Any CPU.ActiveCfg = Release|Any CPU
		{B1FBB328-0062-4352-9F52-9A1EF7E72950}.Release|Any CPU.Build.0 = Release|Any CPU
		{3CDC3289-C704-468B-9407-CDE29486383C}.Debug|Any CPU.ActiveCfg = Debug|Any CPU
		{3CDC3289-C704-468B-9407-CDE29486383C}.Debug|Any CPU.Build.0 = Debug|Any CPU
		{3CDC3289-C704-468B-9407-CDE29486383C}.Release|Any CPU.ActiveCfg = Release|Any CPU
		{3CDC3289-C704-468B-9407-CDE29486383C}.Release|Any CPU.Build.0 = Release|Any CPU
		{575451AE-B732-455A-801F-467A02F73CB6}.Debug|Any CPU.ActiveCfg = Debug|Any CPU
		{575451AE-B732-455A-801F-467A02F73CB6}.Debug|Any CPU.Build.0 = Debug|Any CPU
		{575451AE-B732-455A-801F-467A02F73CB6}.Release|Any CPU.ActiveCfg = Release|Any CPU
		{575451AE-B732-455A-801F-467A02F73CB6}.Release|Any CPU.Build.0 = Release|Any CPU
		{906DAEBE-ECD8-44D2-A90F-001243359F37}.Debug|Any CPU.ActiveCfg = Debug|Any CPU
		{906DAEBE-ECD8-44D2-A90F-001243359F37}.Debug|Any CPU.Build.0 = Debug|Any CPU
		{906DAEBE-ECD8-44D2-A90F-001243359F37}.Release|Any CPU.ActiveCfg = Release|Any CPU
		{906DAEBE-ECD8-44D2-A90F-001243359F37}.Release|Any CPU.Build.0 = Release|Any CPU
		{49038AA4-DA4A-4935-A8A0-AD2E85496281}.Debug|Any CPU.ActiveCfg = Debug|Any CPU
		{49038AA4-DA4A-4935-A8A0-AD2E85496281}.Debug|Any CPU.Build.0 = Debug|Any CPU
		{49038AA4-DA4A-4935-A8A0-AD2E85496281}.Release|Any CPU.ActiveCfg = Release|Any CPU
		{49038AA4-DA4A-4935-A8A0-AD2E85496281}.Release|Any CPU.Build.0 = Release|Any CPU
		{42640F6B-3896-4E73-B94A-6EFD4868F2F2}.Debug|Any CPU.ActiveCfg = Debug|Any CPU
		{42640F6B-3896-4E73-B94A-6EFD4868F2F2}.Debug|Any CPU.Build.0 = Debug|Any CPU
		{42640F6B-3896-4E73-B94A-6EFD4868F2F2}.Release|Any CPU.ActiveCfg = Release|Any CPU
		{42640F6B-3896-4E73-B94A-6EFD4868F2F2}.Release|Any CPU.Build.0 = Release|Any CPU
		{6A698879-72B0-410D-BF15-B950A8ECC04C}.Debug|Any CPU.ActiveCfg = Debug|Any CPU
		{6A698879-72B0-410D-BF15-B950A8ECC04C}.Debug|Any CPU.Build.0 = Debug|Any CPU
		{6A698879-72B0-410D-BF15-B950A8ECC04C}.Release|Any CPU.ActiveCfg = Release|Any CPU
		{6A698879-72B0-410D-BF15-B950A8ECC04C}.Release|Any CPU.Build.0 = Release|Any CPU
		{EA87D398-D509-4DA5-ADFA-1D23210714EF}.Debug|Any CPU.ActiveCfg = Debug|Any CPU
		{EA87D398-D509-4DA5-ADFA-1D23210714EF}.Debug|Any CPU.Build.0 = Debug|Any CPU
		{EA87D398-D509-4DA5-ADFA-1D23210714EF}.Release|Any CPU.ActiveCfg = Release|Any CPU
		{EA87D398-D509-4DA5-ADFA-1D23210714EF}.Release|Any CPU.Build.0 = Release|Any CPU
		{D493ABDB-A7F0-4B2F-917C-0306547C9E45}.Debug|Any CPU.ActiveCfg = Debug|Any CPU
		{D493ABDB-A7F0-4B2F-917C-0306547C9E45}.Debug|Any CPU.Build.0 = Debug|Any CPU
		{D493ABDB-A7F0-4B2F-917C-0306547C9E45}.Release|Any CPU.ActiveCfg = Release|Any CPU
		{D493ABDB-A7F0-4B2F-917C-0306547C9E45}.Release|Any CPU.Build.0 = Release|Any CPU
		{12C32844-51DA-45DF-9B3A-23165BD2C4BB}.Debug|Any CPU.ActiveCfg = Debug|Any CPU
		{12C32844-51DA-45DF-9B3A-23165BD2C4BB}.Debug|Any CPU.Build.0 = Debug|Any CPU
		{12C32844-51DA-45DF-9B3A-23165BD2C4BB}.Release|Any CPU.ActiveCfg = Release|Any CPU
		{12C32844-51DA-45DF-9B3A-23165BD2C4BB}.Release|Any CPU.Build.0 = Release|Any CPU
		{0EF208BC-86EB-4D12-A188-922614C46E8B}.Debug|Any CPU.ActiveCfg = Debug|Any CPU
		{0EF208BC-86EB-4D12-A188-922614C46E8B}.Debug|Any CPU.Build.0 = Debug|Any CPU
		{0EF208BC-86EB-4D12-A188-922614C46E8B}.Release|Any CPU.ActiveCfg = Release|Any CPU
		{0EF208BC-86EB-4D12-A188-922614C46E8B}.Release|Any CPU.Build.0 = Release|Any CPU
		{C731C21C-B73D-461B-942C-ED2FCE0153B1}.Debug|Any CPU.ActiveCfg = Debug|Any CPU
		{C731C21C-B73D-461B-942C-ED2FCE0153B1}.Debug|Any CPU.Build.0 = Debug|Any CPU
		{C731C21C-B73D-461B-942C-ED2FCE0153B1}.Release|Any CPU.ActiveCfg = Release|Any CPU
		{C731C21C-B73D-461B-942C-ED2FCE0153B1}.Release|Any CPU.Build.0 = Release|Any CPU
		{1973A90E-3AA9-475D-AA9C-C1B441A4DC38}.Debug|Any CPU.ActiveCfg = Debug|Any CPU
		{1973A90E-3AA9-475D-AA9C-C1B441A4DC38}.Debug|Any CPU.Build.0 = Debug|Any CPU
		{1973A90E-3AA9-475D-AA9C-C1B441A4DC38}.Release|Any CPU.ActiveCfg = Release|Any CPU
		{1973A90E-3AA9-475D-AA9C-C1B441A4DC38}.Release|Any CPU.Build.0 = Release|Any CPU
		{0A8BA712-2DA0-4003-A7F5-3C914DEF7D4B}.Debug|Any CPU.ActiveCfg = Debug|Any CPU
		{0A8BA712-2DA0-4003-A7F5-3C914DEF7D4B}.Debug|Any CPU.Build.0 = Debug|Any CPU
		{0A8BA712-2DA0-4003-A7F5-3C914DEF7D4B}.Release|Any CPU.ActiveCfg = Release|Any CPU
		{0A8BA712-2DA0-4003-A7F5-3C914DEF7D4B}.Release|Any CPU.Build.0 = Release|Any CPU
		{BD2F565E-DF6D-4ADE-AF4C-9B1F3EF91738}.Debug|Any CPU.ActiveCfg = Debug|Any CPU
		{BD2F565E-DF6D-4ADE-AF4C-9B1F3EF91738}.Debug|Any CPU.Build.0 = Debug|Any CPU
		{BD2F565E-DF6D-4ADE-AF4C-9B1F3EF91738}.Release|Any CPU.ActiveCfg = Release|Any CPU
		{BD2F565E-DF6D-4ADE-AF4C-9B1F3EF91738}.Release|Any CPU.Build.0 = Release|Any CPU
		{7F1A40AC-82F4-446C-A9AF-693D27BEBE11}.Debug|Any CPU.ActiveCfg = Debug|Any CPU
		{7F1A40AC-82F4-446C-A9AF-693D27BEBE11}.Debug|Any CPU.Build.0 = Debug|Any CPU
		{7F1A40AC-82F4-446C-A9AF-693D27BEBE11}.Release|Any CPU.ActiveCfg = Release|Any CPU
		{7F1A40AC-82F4-446C-A9AF-693D27BEBE11}.Release|Any CPU.Build.0 = Release|Any CPU
	EndGlobalSection
	GlobalSection(SolutionProperties) = preSolution
		HideSolutionNode = FALSE
	EndGlobalSection
	GlobalSection(NestedProjects) = preSolution
		{B1FBB328-0062-4352-9F52-9A1EF7E72950} = {C0B4BC24-9B96-43F1-9B73-8B4E99843542}
		{3CDC3289-C704-468B-9407-CDE29486383C} = {C0B4BC24-9B96-43F1-9B73-8B4E99843542}
		{575451AE-B732-455A-801F-467A02F73CB6} = {91D28009-7BC2-44A4-8D32-B892E1E3E5EB}
		{906DAEBE-ECD8-44D2-A90F-001243359F37} = {91D28009-7BC2-44A4-8D32-B892E1E3E5EB}
		{49038AA4-DA4A-4935-A8A0-AD2E85496281} = {91D28009-7BC2-44A4-8D32-B892E1E3E5EB}
		{42640F6B-3896-4E73-B94A-6EFD4868F2F2} = {91D28009-7BC2-44A4-8D32-B892E1E3E5EB}
		{6A698879-72B0-410D-BF15-B950A8ECC04C} = {C0B4BC24-9B96-43F1-9B73-8B4E99843542}
		{EA87D398-D509-4DA5-ADFA-1D23210714EF} = {C0B4BC24-9B96-43F1-9B73-8B4E99843542}
		{D493ABDB-A7F0-4B2F-917C-0306547C9E45} = {470848AB-7929-4273-8B80-225D3B085667}
		{12C32844-51DA-45DF-9B3A-23165BD2C4BB} = {470848AB-7929-4273-8B80-225D3B085667}
		{0EF208BC-86EB-4D12-A188-922614C46E8B} = {470848AB-7929-4273-8B80-225D3B085667}
		{C731C21C-B73D-461B-942C-ED2FCE0153B1} = {470848AB-7929-4273-8B80-225D3B085667}
		{1973A90E-3AA9-475D-AA9C-C1B441A4DC38} = {2D829DAE-804D-4C6C-8B3D-23339322433E}
		{0A8BA712-2DA0-4003-A7F5-3C914DEF7D4B} = {2D829DAE-804D-4C6C-8B3D-23339322433E}
		{BD2F565E-DF6D-4ADE-AF4C-9B1F3EF91738} = {2D829DAE-804D-4C6C-8B3D-23339322433E}
		{7F1A40AC-82F4-446C-A9AF-693D27BEBE11} = {2D829DAE-804D-4C6C-8B3D-23339322433E}
	EndGlobalSection
	GlobalSection(ExtensibilityGlobals) = postSolution
		SolutionGuid = {02D09794-412A-49BF-B3AD-B5C2955BB4B7}
	EndGlobalSection
EndGlobal
